
Microsoft Visual Studio Solution File, Format Version 12.00
# Visual Studio Version 17
VisualStudioVersion = 17.0.31919.166
MinimumVisualStudioVersion = 10.0.40219.1
Project("{9A19103F-16F7-4668-BE54-9A1E7A4F7556}") = "Codebase", "Codebase\Codebase.csproj", "{77CFBE04-94B8-42B0-BBC5-0DBD7B7A644D}"
EndProject
Global
	GlobalSection(SolutionConfigurationPlatforms) = preSolution
		Debug|Any CPU = Debug|Any CPU
		Release|Any CPU = Release|Any CPU
	EndGlobalSection
	GlobalSection(ProjectConfigurationPlatforms) = postSolution
		{77CFBE04-94B8-42B0-BBC5-0DBD7B7A644D}.Debug|Any CPU.ActiveCfg = Debug|Any CPU
		{77CFBE04-94B8-42B0-BBC5-0DBD7B7A644D}.Debug|Any CPU.Build.0 = Debug|Any CPU
		{77CFBE04-94B8-42B0-BBC5-0DBD7B7A644D}.Release|Any CPU.ActiveCfg = Release|Any CPU
		{77CFBE04-94B8-42B0-BBC5-0DBD7B7A644D}.Release|Any CPU.Build.0 = Release|Any CPU
	EndGlobalSection
	GlobalSection(SolutionProperties) = preSolution
		HideSolutionNode = FALSE
	EndGlobalSection
	GlobalSection(ExtensibilityGlobals) = postSolution
		SolutionGuid = {B329033C-4DB9-4B2C-B145-5E20372B039D}
	EndGlobalSection
EndGlobal
